
Microsoft Visual Studio Solution File, Format Version 12.00
# Visual Studio 14
VisualStudioVersion = 14.0.25420.1
MinimumVisualStudioVersion = 10.0.40219.1
Project("{6141683F-8A12-4E36-9623-2EB02B2C2303}") = "ChipseSerialChart", "ChipseSerialChart\ChipseSerialChart.isproj", "{B0F4EB9B-5537-4B98-9A3B-52AFFE867F2A}"
EndProject
Global
	GlobalSection(SolutionConfigurationPlatforms) = preSolution
		CD_ROM|Default = CD_ROM|Default
		DVD-5|Default = DVD-5|Default
		SingleImage|Default = SingleImage|Default
	EndGlobalSection
	GlobalSection(ProjectConfigurationPlatforms) = postSolution
		{B0F4EB9B-5537-4B98-9A3B-52AFFE867F2A}.CD_ROM|Default.ActiveCfg = CD_ROM
		{B0F4EB9B-5537-4B98-9A3B-52AFFE867F2A}.CD_ROM|Default.Build.0 = CD_ROM
		{B0F4EB9B-5537-4B98-9A3B-52AFFE867F2A}.DVD-5|Default.ActiveCfg = DVD-5
		{B0F4EB9B-5537-4B98-9A3B-52AFFE867F2A}.DVD-5|Default.Build.0 = DVD-5
		{B0F4EB9B-5537-4B98-9A3B-52AFFE867F2A}.SingleImage|Default.ActiveCfg = SingleImage
		{B0F4EB9B-5537-4B98-9A3B-52AFFE867F2A}.SingleImage|Default.Build.0 = SingleImage
	EndGlobalSection
	GlobalSection(SolutionProperties) = preSolution
		HideSolutionNode = FALSE
	EndGlobalSection
EndGlobal
